
Microsoft Visual Studio Solution File, Format Version 12.00
# Visual Studio 2013
VisualStudioVersion = 12.0.21005.1
MinimumVisualStudioVersion = 10.0.40219.1
Project("{FAE04EC0-301F-11D3-BF4B-00C04F79EFBC}") = "ProformaInvoice", "ProformaInvoice\ProformaInvoice.csproj", "{4F792468-36F6-4F1C-A269-5D906EA7ED2B}"
EndProject
Project("{FAE04EC0-301F-11D3-BF4B-00C04F79EFBC}") = "ProformaInvoice.Core", "ProformaInvoice.Core\ProformaInvoice.Core.csproj", "{B61DA07E-C60E-41D6-81BE-9A205FBB517F}"
EndProject
Project("{FAE04EC0-301F-11D3-BF4B-00C04F79EFBC}") = "Paul", "Paul\Paul.csproj", "{3C654632-696D-47F8-805C-5499E7B837A2}"
EndProject
Global
	GlobalSection(SolutionConfigurationPlatforms) = preSolution
		Debug|Any CPU = Debug|Any CPU
		Release|Any CPU = Release|Any CPU
	EndGlobalSection
	GlobalSection(ProjectConfigurationPlatforms) = postSolution
		{4F792468-36F6-4F1C-A269-5D906EA7ED2B}.Debug|Any CPU.ActiveCfg = Debug|Any CPU
		{4F792468-36F6-4F1C-A269-5D906EA7ED2B}.Debug|Any CPU.Build.0 = Debug|Any CPU
		{4F792468-36F6-4F1C-A269-5D906EA7ED2B}.Release|Any CPU.ActiveCfg = Release|Any CPU
		{4F792468-36F6-4F1C-A269-5D906EA7ED2B}.Release|Any CPU.Build.0 = Release|Any CPU
		{B61DA07E-C60E-41D6-81BE-9A205FBB517F}.Debug|Any CPU.ActiveCfg = Debug|Any CPU
		{B61DA07E-C60E-41D6-81BE-9A205FBB517F}.Debug|Any CPU.Build.0 = Debug|Any CPU
		{B61DA07E-C60E-41D6-81BE-9A205FBB517F}.Release|Any CPU.ActiveCfg = Release|Any CPU
		{B61DA07E-C60E-41D6-81BE-9A205FBB517F}.Release|Any CPU.Build.0 = Release|Any CPU
		{3C654632-696D-47F8-805C-5499E7B837A2}.Debug|Any CPU.ActiveCfg = Debug|Any CPU
		{3C654632-696D-47F8-805C-5499E7B837A2}.Debug|Any CPU.Build.0 = Debug|Any CPU
		{3C654632-696D-47F8-805C-5499E7B837A2}.Debug|Any CPU.Deploy.0 = Debug|Any CPU
		{3C654632-696D-47F8-805C-5499E7B837A2}.Release|Any CPU.ActiveCfg = Release|Any CPU
		{3C654632-696D-47F8-805C-5499E7B837A2}.Release|Any CPU.Build.0 = Release|Any CPU
	EndGlobalSection
	GlobalSection(SolutionProperties) = preSolution
		HideSolutionNode = FALSE
	EndGlobalSection
EndGlobal
